
Microsoft Visual Studio Solution File, Format Version 12.00
# Visual Studio Version 17
VisualStudioVersion = 17.14.36414.22 d17.14
MinimumVisualStudioVersion = 10.0.40219.1
Project("{FAE04EC0-301F-11D3-BF4B-00C04F79EFBC}") = "LOGIN", "LOGIN\LOGIN.csproj", "{3D36EBE1-6667-45B4-9190-3A5E4C9933D3}"
EndProject
Global
	GlobalSection(SolutionConfigurationPlatforms) = preSolution
		Debug|Any CPU = Debug|Any CPU
		Release|Any CPU = Release|Any CPU
	EndGlobalSection
	GlobalSection(ProjectConfigurationPlatforms) = postSolution
		{3D36EBE1-6667-45B4-9190-3A5E4C9933D3}.Debug|Any CPU.ActiveCfg = Debug|Any CPU
		{3D36EBE1-6667-45B4-9190-3A5E4C9933D3}.Debug|Any CPU.Build.0 = Debug|Any CPU
		{3D36EBE1-6667-45B4-9190-3A5E4C9933D3}.Release|Any CPU.ActiveCfg = Release|Any CPU
		{3D36EBE1-6667-45B4-9190-3A5E4C9933D3}.Release|Any CPU.Build.0 = Release|Any CPU
	EndGlobalSection
	GlobalSection(SolutionProperties) = preSolution
		HideSolutionNode = FALSE
	EndGlobalSection
	GlobalSection(ExtensibilityGlobals) = postSolution
		SolutionGuid = {BE74BB3E-1912-418E-B8B7-7BB2B96375EF}
	EndGlobalSection
EndGlobal
